
Microsoft Visual Studio Solution File, Format Version 12.00
# Visual Studio Version 17
VisualStudioVersion = 17.8.34408.163
MinimumVisualStudioVersion = 10.0.40219.1
Project("{FAE04EC0-301F-11D3-BF4B-00C04F79EFBC}") = "GenericAnimalClass", "GenericAnimalClass.csproj", "{0898D4B9-86EE-4235-AB0E-F26932F15ED6}"
EndProject
Global
	GlobalSection(SolutionConfigurationPlatforms) = preSolution
		Debug|Any CPU = Debug|Any CPU
		Release|Any CPU = Release|Any CPU
	EndGlobalSection
	GlobalSection(ProjectConfigurationPlatforms) = postSolution
		{0898D4B9-86EE-4235-AB0E-F26932F15ED6}.Debug|Any CPU.ActiveCfg = Debug|Any CPU
		{0898D4B9-86EE-4235-AB0E-F26932F15ED6}.Debug|Any CPU.Build.0 = Debug|Any CPU
		{0898D4B9-86EE-4235-AB0E-F26932F15ED6}.Release|Any CPU.ActiveCfg = Release|Any CPU
		{0898D4B9-86EE-4235-AB0E-F26932F15ED6}.Release|Any CPU.Build.0 = Release|Any CPU
	EndGlobalSection
	GlobalSection(SolutionProperties) = preSolution
		HideSolutionNode = FALSE
	EndGlobalSection
	GlobalSection(ExtensibilityGlobals) = postSolution
		SolutionGuid = {DD7FE496-5063-48F5-BBB0-C1DB315016D8}
	EndGlobalSection
EndGlobal
